[[package]]
category = "main"
description = "A small Python module for determining appropriate platform-specific dirs, e.g. a \"user data dir\"."
name = "appdirs"
optional = false
platform = "*"
python-versions = "*"
version = "1.4.3"

[[package]]
category = "main"
description = "Screen-scraping library"
name = "beautifulsoup4"
optional = false
platform = "*"
python-versions = "*"
version = "4.7.1"

[package.dependencies]
soupsieve = ">=1.2"

[[package]]
category = "main"
description = "Dummy package for Beautiful Soup"
name = "bs4"
optional = false
platform = "*"
python-versions = "*"
version = "0.0.1"

[package.dependencies]
beautifulsoup4 = "*"

[[package]]
category = "main"
description = "Python package for providing Mozilla's CA Bundle."
name = "certifi"
optional = false
platform = "*"
python-versions = "*"
version = "2018.11.29"

[[package]]
category = "main"
description = "Universal encoding detector for Python 2 and 3"
name = "chardet"
optional = false
platform = "*"
python-versions = "*"
version = "3.0.4"

[[package]]
category = "main"
description = "Composable command line interface toolkit"
name = "click"
optional = false
platform = "*"
python-versions = ">=2.7, !=3.0.*, !=3.1.*, !=3.2.*, !=3.3.*"
version = "7.0"

[[package]]
category = "main"
description = "Cross-platform colored terminal text."
name = "colorama"
optional = false
platform = "*"
python-versions = ">=2.7, !=3.0.*, !=3.1.*, !=3.2.*, !=3.3.*"
version = "0.4.1"

[[package]]
category = "main"
description = "TextUI colors for Python."
name = "crayons"
optional = false
platform = "*"
python-versions = "*"
version = "0.1.2"

[package.dependencies]
colorama = "*"

[[package]]
category = "main"
description = "cssselect parses CSS3 Selectors and translates them to XPath 1.0"
name = "cssselect"
optional = false
platform = "*"
python-versions = ">=2.7, !=3.0.*, !=3.1.*, !=3.2.*, !=3.3.*"
version = "1.0.3"

[[package]]
category = "main"
description = "Date parsing library designed to parse dates from HTML pages"
name = "dateparser"
optional = false
platform = "*"
python-versions = "*"
version = "0.7.0"

[package.dependencies]
python-dateutil = "*"
pytz = "*"
regex = "*"
tzlocal = "*"

[[package]]
category = "main"
description = "Up to date simple useragent faker with real world database"
name = "fake-useragent"
optional = false
platform = "*"
python-versions = "*"
version = "0.1.11"

[[package]]
category = "main"
description = "Internationalized Domain Names in Applications (IDNA)"
name = "idna"
optional = false
platform = "*"
python-versions = ">=2.7, !=3.0.*, !=3.1.*, !=3.2.*, !=3.3.*"
version = "2.8"

[[package]]
category = "main"
description = "Powerful and Pythonic XML processing library combining libxml2/libxslt with the ElementTree API."
name = "lxml"
optional = false
platform = "*"
python-versions = "*"
version = "4.3.0"

[[package]]
category = "main"
description = "parse() is the opposite of format()"
name = "parse"
optional = false
platform = "*"
python-versions = "*"
version = "1.11.1"

[[package]]
category = "main"
description = "A port of node.js's EventEmitter to python."
name = "pyee"
optional = false
platform = "*"
python-versions = "*"
version = "5.0.0"

[[package]]
category = "main"
description = "Headless chrome/chromium automation library (unofficial port of puppeteer)"
name = "pyppeteer"
optional = false
platform = "*"
python-versions = ">=3.5"
version = "0.0.25"

[package.dependencies]
appdirs = "*"
pyee = "*"
tqdm = "*"
urllib3 = "*"
websockets = "*"

[[package]]
category = "main"
description = "A jquery-like library for python"
name = "pyquery"
optional = false
platform = "*"
python-versions = "*"
version = "1.4.0"

[package.dependencies]
cssselect = ">0.7.9"
lxml = ">=2.1"

[[package]]
category = "main"
description = "Extensions to the standard Python datetime module"
name = "python-dateutil"
optional = false
platform = "*"
python-versions = ">=2.7, !=3.0.*, !=3.1.*, !=3.2.*"
version = "2.7.5"

[package.dependencies]
six = ">=1.5"

[[package]]
category = "main"
description = "World timezone definitions, modern and historical"
name = "pytz"
optional = false
platform = "Independent"
python-versions = "*"
version = "2018.9"

[[package]]
category = "main"
description = "Alternative regular expression module, to replace re."
name = "regex"
optional = false
platform = "*"
python-versions = "*"
version = "2019.01.24"

[[package]]
category = "main"
description = "Python HTTP for Humans."
name = "requests"
optional = false
platform = "*"
python-versions = ">=2.7, !=3.0.*, !=3.1.*, !=3.2.*, !=3.3.*"
version = "2.21.0"

[package.dependencies]
certifi = ">=2017.4.17"
chardet = ">=3.0.2,<3.1.0"
idna = ">=2.5,<2.9"
urllib3 = ">=1.21.1,<1.25"

[[package]]
category = "main"
description = "HTML Parsing for Humans."
name = "requests-html"
optional = false
platform = "*"
python-versions = ">=3.6.0"
version = "0.9.0"

[package.dependencies]
bs4 = "*"
fake-useragent = "*"
parse = "*"
pyppeteer = ">=0.0.14"
pyquery = "*"
requests = "*"
w3lib = "*"

[[package]]
category = "main"
description = "Python 2 and 3 compatibility utilities"
name = "six"
optional = false
platform = "*"
python-versions = ">=2.6, !=3.0.*, !=3.1.*"
version = "1.12.0"

[[package]]
category = "main"
description = "A CSS4 selector implementation for Beautiful Soup."
name = "soupsieve"
optional = false
platform = "*"
python-versions = "*"
version = "1.7.3"

[[package]]
category = "main"
description = "Pretty-print tabular data"
name = "tabulate"
optional = false
platform = "*"
python-versions = "*"
version = "0.8.3"

[[package]]
category = "main"
description = "Fast, Extensible Progress Meter"
name = "tqdm"
optional = false
platform = "any"
python-versions = ">=2.6, !=3.0.*, !=3.1.*"
version = "4.29.1"

[[package]]
category = "main"
description = "A Python wrapper for tweakers.net"
name = "tweakers"
optional = false
platform = "*"
python-versions = ">=3.6"
version = "0.3.2"

[package.dependencies]
dateparser = ">=0.7.0,<0.8.0"
requests-html = ">=0.9.0,<0.10.0"

[[package]]
category = "main"
description = "tzinfo object for the local timezone"
name = "tzlocal"
optional = false
platform = "*"
python-versions = "*"
version = "1.5.1"

[package.dependencies]
pytz = "*"

[[package]]
category = "main"
description = "HTTP library with thread-safe connection pooling, file post, and more."
name = "urllib3"
optional = false
platform = "*"
python-versions = ">=2.7, !=3.0.*, !=3.1.*, !=3.2.*, !=3.3.*, <4"
version = "1.24.1"

[[package]]
category = "main"
description = "Library of web-related functions"
name = "w3lib"
optional = false
platform = "Any"
python-versions = "*"
version = "1.20.0"

[package.dependencies]
six = ">=1.4.1"

[[package]]
category = "main"
description = "An implementation of the WebSocket Protocol (RFC 6455 & 7692)"
name = "websockets"
optional = false
platform = "*"
python-versions = ">=3.4"
version = "7.0"

[metadata]
content-hash = "e8a4fb4a6c66c23877b0022d74213653bacce672b564bd07634c09fd9f4f1e2b"
platform = "*"
python-versions = ">=3.6"

[metadata.hashes]
appdirs = ["9e5896d1372858f8dd3344faf4e5014d21849c756c8d5701f78f8a103b372d92", "d8b24664561d0d34ddfaec54636d502d7cea6e29c3eaf68f3df6180863e2166e"]
beautifulsoup4 = ["034740f6cb549b4e932ae1ab975581e6103ac8f942200a0e9759065984391858", "945065979fb8529dd2f37dbb58f00b661bdbcbebf954f93b32fdf5263ef35348", "ba6d5c59906a85ac23dadfe5c88deaf3e179ef565f4898671253e50a78680718"]
bs4 = ["36ecea1fd7cc5c0c6e4a1ff075df26d50da647b75376626cc186e2212886dd3a"]
certifi = ["47f9c83ef4c0c621eaef743f133f09fa8a74a9b75f037e8624f83bd1b6626cb7", "993f830721089fef441cdfeb4b2c8c9df86f0c63239f06bd025a76a7daddb033"]
chardet = ["84ab92ed1c4d4f16916e05906b6b75a6c0fb5db821cc65e70cbd64a3e2a5eaae", "fc323ffcaeaed0e0a02bf4d117757b98aed530d9ed4531e3e15460124c106691"]
click = ["2335065e6395b9e67ca716de5f7526736bfa6ceead690adf616d925bdc622b13", "5b94b49521f6456670fdb30cd82a4eca9412788a93fa6dd6df72c94d5a8ff2d7"]
colorama = ["05eed71e2e327246ad6b38c540c4a3117230b19679b875190486ddd2d721422d", "f8ac84de7840f5b9c4e3347b3c1eaa50f7e49c2b07596221daec5edaabbd7c48"]
crayons = ["5e17691605e564d63482067eb6327d01a584bbaf870beffd4456a3391bd8809d", "6f51241d0c4faec1c04c1c0ac6a68f1d66a4655476ce1570b3f37e5166a599cc"]
cssselect = ["066d8bc5229af09617e24b3ca4d52f1f9092d9e061931f4184cd572885c23204", "3b5103e8789da9e936a68d993b70df732d06b8bb9a337a05ed4eb52c17ef7206"]
dateparser = ["940828183c937bcec530753211b70f673c0a9aab831e43273489b310538dff86", "b452ef8b36cd78ae86a50721794bc674aa3994e19b570f7ba92810f4e0a2ae03"]
fake-useragent = ["c104998b750eb097eefc28ae28e92d66397598d2cf41a31aa45d5559ef1adf35"]
idna = ["c357b3f628cf53ae2c4c05627ecc484553142ca23264e593d327bcde5e9c3407", "ea8b7f6188e6fa117537c3df7da9fc686d485087abf6ac197f9c46432f7e4a3c"]
lxml = ["0dd6589fa75d369ba06d2b5f38dae107f76ea127f212f6a7bee134f6df2d1d21", "1afbac344aa68c29e81ab56c1a9411c3663157b5aee5065b7fa030b398d4f7e0", "1baad9d073692421ad5dbbd81430aba6c7f5fdc347f03537ae046ddf2c9b2297", "1d8736421a2358becd3edf20260e41a06a0bf08a560480d3a5734a6bcbacf591", "1e1d9bddc5afaddf0de76246d3f2152f961697ad7439c559f179002682c45801", "1f179dc8b2643715f020f4d119d5529b02cd794c1c8f305868b73b8674d2a03f", "241fb7bdf97cb1df1edfa8f0bcdfd80525d4023dac4523a241907c8b2f44e541", "2f9765ee5acd3dbdcdc0d0c79309e01f7c16bc8d39b49250bf88de7b46daaf58", "312e1e1b1c3ce0c67e0b8105317323e12807955e8186872affb667dbd67971f6", "3273db1a8055ca70257fd3691c6d2c216544e1a70b673543e15cc077d8e9c730", "34dfaa8c02891f9a246b17a732ca3e99c5e42802416628e740a5d1cb2f50ff49", "3aa3f5288af349a0f3a96448ebf2e57e17332d99f4f30b02093b7948bd9f94cc", "51102e160b9d83c1cc435162d90b8e3c8c93b28d18d87b60c56522d332d26879", "56115fc2e2a4140e8994eb9585119a1ae9223b506826089a3ba753a62bd194a6", "69d83de14dbe8fe51dccfd36f88bf0b40f5debeac763edf9f8325180190eba6e", "99fdce94aeaa3ccbdfcb1e23b34273605c5853aa92ec23d84c84765178662c6c", "a7c0cd5b8a20f3093ee4a67374ccb3b8a126743b15a4d759e2a1bf098faac2b2", "abe12886554634ed95416a46701a917784cb2b4c77bfacac6916681d49bbf83d", "b4f67b5183bd5f9bafaeb76ad119e977ba570d2b0e61202f534ac9b5c33b4485", "bdd7c1658475cc1b867b36d5c4ed4bc316be8d3368abe03d348ba906a1f83b0e", "c6f24149a19f611a415a51b9bc5f17b6c2f698e0d6b41ffb3fa9f24d35d05d73", "d1e111b3ab98613115a208c1017f266478b0ab224a67bc8eac670fa0bad7d488", "d6520aa965773bbab6cb7a791d5895b00d02cf9adc93ac2bf4edb9ac1a6addc5", "dd185cde2ccad7b649593b0cda72021bc8a91667417001dbaf24cd746ecb7c11", "de2e5b0828a9d285f909b5d2e9d43f1cf6cf21fe65bc7660bdaa1780c7b58298", "f726444b8e909c4f41b4fde416e1071cf28fa84634bfb4befdf400933b6463af"]
parse = ["870dd675c1ee8951db3e29b81ebe44fd131e3eb8c03a79483a58ea574f3145c2"]
pyee = ["47f8fa96d6dee61c82001831e1fbba55f3f808003a322d0e6653aa01c59f6b9e", "4ec22817297b7024f89721cc34f790ee2767c5b5ca44284c565ee643abafbe32"]
pyppeteer = ["51fe769b722a1718043b74d12c20420f29e0dd9eeea2b66652b7f93a9ad465dd"]
pyquery = ["07987c2ed2aed5cba29ff18af95e56e9eb04a2249f42ce47bddfb37f487229a3", "4771db76bd14352eba006463656aef990a0147a0eeaf094725097acfa90442bf"]
python-dateutil = ["063df5763652e21de43de7d9e00ccf239f953a832941e37be541614732cdfc93", "88f9287c0174266bb0d8cedd395cfba9c58e87e5ad86b2ce58859bc11be3cf02"]
pytz = ["32b0891edff07e28efe91284ed9c31e123d84bea3fd98e1f72be2508f43ef8d9", "d5f05e487007e29e03409f9398d074e158d920d36eb82eaf66fb1136b0c5374c"]
regex = ["0bcd8ab8c812278981df3161db3f94f0ec72f1fa07020173c96f20e74bd7c16a", "20b1601b887e1073805adda2f8a09bb4c86dc7629c46c0d7bf28444dcb32920d", "3c4327dd686d2e05b1b3d60a256fbf1c93c53001614ed8acd65453e09d40e10f", "5e8c6cef2cd964888d5fdf16f3db3dbaaa18c5c5c648161c52c8df065cc26ac5", "666b03b1c33ef8105f28ecf0fd26f4480931a91a6e30e29e304c1d9eddce2209", "8afb6ecd80154464b1ad31a93228b63832526f9b0291a82a55287ae15c01de79", "9326e1c5b9de6e74150bdd424789aecec41c7ecaf9e78bf4c3acfe6868ce1365", "e06eac198d9c76bcbe52b987b74ead0d353cfaa9f3d8cd907ec984f4bb20ea1e", "eee007ee39a02cb631b74f89f992766b9d7e952a750166f3e5a5baf8c328c070"]
requests = ["502a824f31acdacb3a35b6690b5fbf0bc41d63a24a45c4004352b0242707598e", "7bf2a778576d825600030a110f3c0e3e8edc51dfaafe1c146e39a2027784957b"]
requests-html = ["34257d5249b20b8ed14573eba910f48032a61205e70d11ce8a3ef6abf8edc50b", "9686f21c5753ba6c025c6ba223a8329c7b149a935a73055097faf8999eee85b1"]
six = ["3350809f0555b11f552448330d0b52d5f24c91a322ea4a15ef22629740f3761c", "d16a0141ec1a18405cd4ce8b4613101da75da0e9a7aec5bdd4fa804d0e0eba73"]
soupsieve = ["466910df7561796a60748826781ebe9a888f7a1668a636ae86783f44d10aae73", "87db12ae79194f0ff9808d2b1641c4f031ae39ffa3cab6b907ea7c1e5e5ed445"]
tabulate = ["8af07a39377cee1103a5c8b3330a421c2d99b9141e9cc5ddd2e3263fea416943"]
tqdm = ["b856be5cb6cfaee3b2733655c7c5bbc7751291bb5d1a4f54f020af4727570b3e", "c9b9b5eeba13994a4c266aae7eef7aeeb0ba2973e431027e942b4faea139ef49"]
tweakers = ["7a51085eefdaa8004873cabf76267d00610672540326d1adc72161f97e503be6", "7fc8e608a172a808f442ec37eeb529f6c22e7a191433b03e6221d09aace72355"]
tzlocal = ["4ebeb848845ac898da6519b9b31879cf13b6626f7184c496037b818e238f2c4e"]
urllib3 = ["61bf29cada3fc2fbefad4fdf059ea4bd1b4a86d2b6d15e1c7c0b582b9752fe39", "de9529817c93f27c8ccbfead6985011db27bd0ddfcdb2d86f3f663385c6a9c22"]
w3lib = ["67eacd24f4f233a80bc472835ad6aad99616e49aa1d795f3dbb7b8b028fec6cf", "e54db912ae1c79d3e246b16d3645bdf701f70ac4f8a2fc46eeb284cc02a31cd7"]
websockets = ["04b42a1b57096ffa5627d6a78ea1ff7fad3bc2c0331ffc17bc32a4024da7fea0", "08e3c3e0535befa4f0c4443824496c03ecc25062debbcf895874f8a0b4c97c9f", "10d89d4326045bf5e15e83e9867c85d686b612822e4d8f149cf4840aab5f46e0", "232fac8a1978fc1dead4b1c2fa27c7756750fb393eb4ac52f6bc87ba7242b2fa", "4bf4c8097440eff22bc78ec76fe2a865a6e658b6977a504679aaf08f02c121da", "51642ea3a00772d1e48fb0c492f0d3ae3b6474f34d20eca005a83f8c9c06c561", "55d86102282a636e195dad68aaaf85b81d0bef449d7e2ef2ff79ac450bb25d53", "564d2675682bd497b59907d2205031acbf7d3fadf8c763b689b9ede20300b215", "5d13bf5197a92149dc0badcc2b699267ff65a867029f465accfca8abab95f412", "5eda665f6789edb9b57b57a159b9c55482cbe5b046d7db458948370554b16439", "5edb2524d4032be4564c65dc4f9d01e79fe8fad5f966e5b552f4e5164fef0885", "79691794288bc51e2a3b8de2bc0272ca8355d0b8503077ea57c0716e840ebaef", "7fcc8681e9981b9b511cdee7c580d5b005f3bb86b65bde2188e04a29f1d63317", "8e447e05ec88b1b408a4c9cde85aa6f4b04f06aa874b9f0b8e8319faf51b1fee", "90ea6b3e7787620bb295a4ae050d2811c807d65b1486749414f78cfd6fb61489", "9e13239952694b8b831088431d15f771beace10edfcf9ef230cefea14f18508f", "d40f081187f7b54d7a99d8a5c782eaa4edc335a057aa54c85059272ed826dc09", "e1df1a58ed2468c7b7ce9a2f9752a32ad08eac2bcd56318625c3647c2cd2da6f", "e98d0cec437097f09c7834a11c69d79fe6241729b23f656cfc227e93294fc242", "f8d59627702d2ff27cb495ca1abdea8bd8d581de425c56e93bff6517134e0a9b", "fc30cdf2e949a2225b012a7911d1d031df3d23e99b7eda7dfc982dc4a860dae9"]
